<?xml version="1.0" encoding="utf-8"?>
<Project ToolsVersion="4.0" xmlns="http://schemas.microsoft.com/developer/msbuild/2003">
  <ItemGroup>
    <ResourceCompile Include="SSAO11.rc" />
  </ItemGroup>
  <ItemGroup>
    <Image Include="..\..\Media\directx.ico" />
  </ItemGroup>
  <ItemGroup>
    <ClCompile Include="imgui\imgui.cpp">
      <Filter>src\imgui</Filter>
    </ClCompile>
    <ClCompile Include="imgui\imgui_demo.cpp">
      <Filter>src\imgui</Filter>
    </ClCompile>
    <ClCompile Include="imgui\imgui_draw.cpp">
      <Filter>src\imgui</Filter>
    </ClCompile>
    <ClCompile Include="imgui\imgui_impl_dx11.cpp">
      <Filter>src\imgui</Filter>
    </ClCompile>
    <ClCompile Include="Camera.cpp">
      <Filter>src</Filter>
    </ClCompile>
    <ClCompile Include="D3D11Mesh.cpp">
      <Filter>src</Filter>
    </ClCompile>
    <ClCompile Include="DeviceManager11.cpp">
      <Filter>src</Filter>
    </ClCompile>
    <ClCompile Include="HBAOSample.cpp">
      <Filter>src</Filter>
    </ClCompile>
    <ClCompile Include="HBAOSampleD3D11.cpp">
      <Filter>src</Filter>
    </ClCompile>
    <ClCompile Include="Main.cpp">
      <Filter>src</Filter>
    </ClCompile>
    <ClCompile Include="Mesh.cpp">
      <Filter>src</Filter>
    </ClCompile>
    <ClCompile Include="MeshRenderer.cpp">
      <Filter>src</Filter>
    </ClCompile>
    <ClCompile Include="Scene.cpp">
      <Filter>src</Filter>
    </ClCompile>
    <ClCompile Include="SceneRenderer.cpp">
      <Filter>src</Filter>
    </ClCompile>
    <ClCompile Include="GPUTimers.cpp">
      <Filter>src</Filter>
    </ClCompile>
  </ItemGroup>
  <ItemGroup>
    <ClInclude Include="imgui\imconfig.h">
      <Filter>src\imgui</Filter>
    </ClInclude>
    <ClInclude Include="imgui\imgui.h">
      <Filter>src\imgui</Filter>
    </ClInclude>
    <ClInclude Include="imgui\imgui_impl_dx11.h">
      <Filter>src\imgui</Filter>
    </ClInclude>
    <ClInclude Include="imgui\imgui_internal.h">
      <Filter>src\imgui</Filter>
    </ClInclude>
    <ClInclude Include="imgui\stb_rect_pack.h">
      <Filter>src\imgui</Filter>
    </ClInclude>
    <ClInclude Include="imgui\stb_textedit.h">
      <Filter>src\imgui</Filter>
    </ClInclude>
    <ClInclude Include="imgui\stb_truetype.h">
      <Filter>src\imgui</Filter>
    </ClInclude>
    <ClInclude Include="Camera.h">
      <Filter>src</Filter>
    </ClInclude>
    <ClInclude Include="D3D11Mesh.h">
      <Filter>src</Filter>
    </ClInclude>
    <ClInclude Include="DeviceManager11.h">
      <Filter>src</Filter>
    </ClInclude>
    <ClInclude Include="HBAOSample.h">
      <Filter>src</Filter>
    </ClInclude>
    <ClInclude Include="HBAOSampleD3D11.h">
      <Filter>src</Filter>
    </ClInclude>
    <ClInclude Include="Mesh.h">
      <Filter>src</Filter>
    </ClInclude>
    <ClInclude Include="MeshRenderer.h">
      <Filter>src</Filter>
    </ClInclude>
    <ClInclude Include="Scene.h">
      <Filter>src</Filter>
    </ClInclude>
    <ClInclude Include="SceneRenderer.h">
      <Filter>src</Filter>
    </ClInclude>
    <ClInclude Include="tiny_obj_loader.h">
      <Filter>src</Filter>
    </ClInclude>
    <ClInclude Include="GPUTimers.h">
      <Filter>src</Filter>
    </ClInclude>
  </ItemGroup>
  <ItemGroup>
    <Filter Include="src">
      <UniqueIdentifier>{b73af8d3-b6df-4328-a422-edde03a07b9a}</UniqueIdentifier>
    </Filter>
    <Filter Include="src\imgui">
      <UniqueIdentifier>{67c8c3fe-8a35-4cd5-a021-4a4979609ffc}</UniqueIdentifier>
    </Filter>
  </ItemGroup>
</Project>