<?xml version="1.0" encoding="utf-8"?>
<Project ToolsVersion="4.0" xmlns="http://schemas.microsoft.com/developer/msbuild/2003">
  <ItemGroup>
    <ClCompile Include="TwoPassBlend.cpp" />
    <ClCompile Include="external\zlib\1.2.8\src\adler32.c">
      <Filter>zlib</Filter>
    </ClCompile>
    <ClCompile Include="external\zlib\1.2.8\src\compress.c">
      <Filter>zlib</Filter>
    </ClCompile>
    <ClCompile Include="external\zlib\1.2.8\src\crc32.c">
      <Filter>zlib</Filter>
    </ClCompile>
    <ClCompile Include="external\zlib\1.2.8\src\deflate.c">
      <Filter>zlib</Filter>
    </ClCompile>
    <ClCompile Include="external\zlib\1.2.8\src\gzclose.c">
      <Filter>zlib</Filter>
    </ClCompile>
    <ClCompile Include="external\zlib\1.2.8\src\gzlib.c">
      <Filter>zlib</Filter>
    </ClCompile>
    <ClCompile Include="external\zlib\1.2.8\src\gzread.c">
      <Filter>zlib</Filter>
    </ClCompile>
    <ClCompile Include="external\zlib\1.2.8\src\gzwrite.c">
      <Filter>zlib</Filter>
    </ClCompile>
    <ClCompile Include="external\zlib\1.2.8\src\infback.c">
      <Filter>zlib</Filter>
    </ClCompile>
    <ClCompile Include="external\zlib\1.2.8\src\inffast.c">
      <Filter>zlib</Filter>
    </ClCompile>
    <ClCompile Include="external\zlib\1.2.8\src\inflate.c">
      <Filter>zlib</Filter>
    </ClCompile>
    <ClCompile Include="external\zlib\1.2.8\src\inftrees.c">
      <Filter>zlib</Filter>
    </ClCompile>
    <ClCompile Include="external\zlib\1.2.8\src\trees.c">
      <Filter>zlib</Filter>
    </ClCompile>
    <ClCompile Include="external\zlib\1.2.8\src\uncompr.c">
      <Filter>zlib</Filter>
    </ClCompile>
    <ClCompile Include="external\zlib\1.2.8\src\zutil.c">
      <Filter>zlib</Filter>
    </ClCompile>
    <ClCompile Include="..\..\..\src\API.cpp">
      <Filter>HBAO+</Filter>
    </ClCompile>
    <ClCompile Include="..\..\..\src\AppState_DX11.cpp">
      <Filter>HBAO+</Filter>
    </ClCompile>
    <ClCompile Include="..\..\..\src\AppState_GL.cpp">
      <Filter>HBAO+</Filter>
    </ClCompile>
    <ClCompile Include="..\..\..\src\ConstantBuffers.cpp">
      <Filter>HBAO+</Filter>
    </ClCompile>
    <ClCompile Include="..\..\..\src\PipelineStateObjects_DX12.cpp">
      <Filter>HBAO+</Filter>
    </ClCompile>
    <ClCompile Include="..\..\..\src\ProjectionMatrixInfo.cpp">
      <Filter>HBAO+</Filter>
    </ClCompile>
    <ClCompile Include="..\..\..\src\RandomTexture.cpp">
      <Filter>HBAO+</Filter>
    </ClCompile>
    <ClCompile Include="..\..\..\src\Renderer_DX11.cpp">
      <Filter>HBAO+</Filter>
    </ClCompile>
    <ClCompile Include="..\..\..\src\Renderer_DX12.cpp">
      <Filter>HBAO+</Filter>
    </ClCompile>
    <ClCompile Include="..\..\..\src\Renderer_GL.cpp">
      <Filter>HBAO+</Filter>
    </ClCompile>
    <ClCompile Include="..\..\..\src\Shaders_DX11.cpp">
      <Filter>HBAO+</Filter>
    </ClCompile>
    <ClCompile Include="..\..\..\src\Shaders_DX12.cpp">
      <Filter>HBAO+</Filter>
    </ClCompile>
    <ClCompile Include="..\..\..\src\Shaders_GL.cpp">
      <Filter>HBAO+</Filter>
    </ClCompile>
    <ClCompile Include="..\..\..\src\States_DX11.cpp">
      <Filter>HBAO+</Filter>
    </ClCompile>
    <ClCompile Include="..\..\..\src\States_DX12.cpp">
      <Filter>HBAO+</Filter>
    </ClCompile>
    <ClCompile Include="..\..\..\src\States_GL.cpp">
      <Filter>HBAO+</Filter>
    </ClCompile>
    <ClCompile Include="Scene3D.cpp" />
  </ItemGroup>
  <ItemGroup>
    <Filter Include="zlib">
      <UniqueIdentifier>{ef82bbc0-5201-4515-bdaf-84971e0c8d82}</UniqueIdentifier>
    </Filter>
    <Filter Include="HBAO+">
      <UniqueIdentifier>{7d9f74b4-aad3-4c48-9fc3-55971996cf2c}</UniqueIdentifier>
    </Filter>
  </ItemGroup>
  <ItemGroup>
    <ClInclude Include="external\zlib\1.2.8\src\crc32.h">
      <Filter>zlib</Filter>
    </ClInclude>
    <ClInclude Include="external\zlib\1.2.8\src\deflate.h">
      <Filter>zlib</Filter>
    </ClInclude>
    <ClInclude Include="external\zlib\1.2.8\src\gzguts.h">
      <Filter>zlib</Filter>
    </ClInclude>
    <ClInclude Include="external\zlib\1.2.8\src\inffast.h">
      <Filter>zlib</Filter>
    </ClInclude>
    <ClInclude Include="external\zlib\1.2.8\src\inffixed.h">
      <Filter>zlib</Filter>
    </ClInclude>
    <ClInclude Include="external\zlib\1.2.8\src\inflate.h">
      <Filter>zlib</Filter>
    </ClInclude>
    <ClInclude Include="external\zlib\1.2.8\src\inftrees.h">
      <Filter>zlib</Filter>
    </ClInclude>
    <ClInclude Include="external\zlib\1.2.8\src\trees.h">
      <Filter>zlib</Filter>
    </ClInclude>
    <ClInclude Include="external\zlib\1.2.8\src\zconf.h">
      <Filter>zlib</Filter>
    </ClInclude>
    <ClInclude Include="external\zlib\1.2.8\src\zlib.h">
      <Filter>zlib</Filter>
    </ClInclude>
    <ClInclude Include="external\zlib\1.2.8\src\zutil.h">
      <Filter>zlib</Filter>
    </ClInclude>
    <ClInclude Include="..\..\..\include\GFSDK_SSAO.h">
      <Filter>HBAO+</Filter>
    </ClInclude>
    <ClInclude Include="..\..\..\src\AppState_DX11.h">
      <Filter>HBAO+</Filter>
    </ClInclude>
    <ClInclude Include="..\..\..\src\AppState_GL.h">
      <Filter>HBAO+</Filter>
    </ClInclude>
    <ClInclude Include="..\..\..\src\BuildVersion.h">
      <Filter>HBAO+</Filter>
    </ClInclude>
    <ClInclude Include="..\..\..\src\Common.h">
      <Filter>HBAO+</Filter>
    </ClInclude>
    <ClInclude Include="..\..\..\src\Common_DX12.h">
      <Filter>HBAO+</Filter>
    </ClInclude>
    <ClInclude Include="..\..\..\src\Common_GL.h">
      <Filter>HBAO+</Filter>
    </ClInclude>
    <ClInclude Include="..\..\..\src\ConstantBuffers.h">
      <Filter>HBAO+</Filter>
    </ClInclude>
    <ClInclude Include="..\..\..\src\d3dx12.h">
      <Filter>HBAO+</Filter>
    </ClInclude>
    <ClInclude Include="..\..\..\src\d3dx12p.h">
      <Filter>HBAO+</Filter>
    </ClInclude>
    <ClInclude Include="..\..\..\src\GLSLProgram.h">
      <Filter>HBAO+</Filter>
    </ClInclude>
    <ClInclude Include="..\..\..\src\InputDepthInfo.h">
      <Filter>HBAO+</Filter>
    </ClInclude>
    <ClInclude Include="..\..\..\src\InputNormalInfo.h">
      <Filter>HBAO+</Filter>
    </ClInclude>
    <ClInclude Include="..\..\..\src\InputViewport.h">
      <Filter>HBAO+</Filter>
    </ClInclude>
    <ClInclude Include="..\..\..\src\MathUtil.h">
      <Filter>HBAO+</Filter>
    </ClInclude>
    <ClInclude Include="..\..\..\src\MatrixView.h">
      <Filter>HBAO+</Filter>
    </ClInclude>
    <ClInclude Include="..\..\..\src\OutputInfo.h">
      <Filter>HBAO+</Filter>
    </ClInclude>
    <ClInclude Include="..\..\..\src\PerfMarkers.h">
      <Filter>HBAO+</Filter>
    </ClInclude>
    <ClInclude Include="..\..\..\src\PipelineStateObjects_DX12.h">
      <Filter>HBAO+</Filter>
    </ClInclude>
    <ClInclude Include="..\..\..\src\ProjectionMatrixInfo.h">
      <Filter>HBAO+</Filter>
    </ClInclude>
    <ClInclude Include="..\..\..\src\RandomTexture.h">
      <Filter>HBAO+</Filter>
    </ClInclude>
    <ClInclude Include="..\..\..\src\Renderer_DX11.h">
      <Filter>HBAO+</Filter>
    </ClInclude>
    <ClInclude Include="..\..\..\src\Renderer_DX12.h">
      <Filter>HBAO+</Filter>
    </ClInclude>
    <ClInclude Include="..\..\..\src\Renderer_GL.h">
      <Filter>HBAO+</Filter>
    </ClInclude>
    <ClInclude Include="..\..\..\src\RenderOptions.h">
      <Filter>HBAO+</Filter>
    </ClInclude>
    <ClInclude Include="..\..\..\src\RenderTargets_DX11.h">
      <Filter>HBAO+</Filter>
    </ClInclude>
    <ClInclude Include="..\..\..\src\RenderTargets_DX12.h">
      <Filter>HBAO+</Filter>
    </ClInclude>
    <ClInclude Include="..\..\..\src\RenderTargets_GL.h">
      <Filter>HBAO+</Filter>
    </ClInclude>
    <ClInclude Include="..\..\..\src\Shaders_DX11.h">
      <Filter>HBAO+</Filter>
    </ClInclude>
    <ClInclude Include="..\..\..\src\Shaders_DX12.h">
      <Filter>HBAO+</Filter>
    </ClInclude>
    <ClInclude Include="..\..\..\src\Shaders_GL.h">
      <Filter>HBAO+</Filter>
    </ClInclude>
    <ClInclude Include="..\..\..\src\States_DX11.h">
      <Filter>HBAO+</Filter>
    </ClInclude>
    <ClInclude Include="..\..\..\src\States_DX12.h">
      <Filter>HBAO+</Filter>
    </ClInclude>
    <ClInclude Include="..\..\..\src\States_GL.h">
      <Filter>HBAO+</Filter>
    </ClInclude>
    <ClInclude Include="..\..\..\src\TextureUtil.h">
      <Filter>HBAO+</Filter>
    </ClInclude>
    <ClInclude Include="..\..\..\src\TimestampQueries.h">
      <Filter>HBAO+</Filter>
    </ClInclude>
    <ClInclude Include="..\..\..\src\UserTexture.h">
      <Filter>HBAO+</Filter>
    </ClInclude>
    <ClInclude Include="..\..\..\src\VAO_GL.h">
      <Filter>HBAO+</Filter>
    </ClInclude>
    <ClInclude Include="..\..\..\src\Viewports.h">
      <Filter>HBAO+</Filter>
    </ClInclude>
    <ClInclude Include="GPUProfiler.h" />
    <ClInclude Include="Scene3D.h" />
    <ClInclude Include="SceneRTs.h" />
  </ItemGroup>
</Project>