
Microsoft Visual Studio Solution File, Format Version 12.00
# Visual Studio 2013
VisualStudioVersion = 12.0.40629.0
MinimumVisualStudioVersion = 10.0.40219.1
Project("{2150E333-8FDC-42A3-9474-1A3956D46DE8}") = "D3D11", "D3D11", "{1A72913C-1385-4566-8885-34363234C49C}"
EndProject
Project("{2150E333-8FDC-42A3-9474-1A3956D46DE8}") = "Shaders", "Shaders", "{6C0236CD-7250-45BB-A07E-79AE81EAD236}"
EndProject
Project("{8BC9CEB8-8B4A-11D0-8D11-00A0C91BC942}") = "DXUT", "D3D11\external\DXUT\build\vs2010win32\DXUT.vcxproj", "{EC78356E-2F3B-45C0-A616-733A15CE502D}"
EndProject
Project("{8BC9CEB8-8B4A-11D0-8D11-00A0C91BC942}") = "GFSDK_SSAO_Shaders_D3D11", "..\..\build\platforms\vs2015\GFSDK_SSAO_Shaders_D3D11.vcxproj", "{A64D27A9-CD59-476B-B5CB-0260A408793B}"
EndProject
Project("{8BC9CEB8-8B4A-11D0-8D11-00A0C91BC942}") = "GFSDK_SSAO_Shaders_GL", "..\..\build\platforms\vs2015\GFSDK_SSAO_Shaders_GL.vcxproj", "{10AECFFA-BF67-4FF4-B543-0C8F1E3B2EB7}"
EndProject
Project("{8BC9CEB8-8B4A-11D0-8D11-00A0C91BC942}") = "TwoPassBlend", "D3D11\TwoPassBlend.vcxproj", "{99219418-FA94-4BE1-A3CF-E2751E76190D}"
EndProject
Global
	GlobalSection(SolutionConfigurationPlatforms) = preSolution
		Debug|Win32 = Debug|Win32
		Debug|x64 = Debug|x64
		perfdev|Win32 = perfdev|Win32
		perfdev|x64 = perfdev|x64
		Profile|Win32 = Profile|Win32
		Profile|x64 = Profile|x64
		Release|Win32 = Release|Win32
		Release|x64 = Release|x64
	EndGlobalSection
	GlobalSection(ProjectConfigurationPlatforms) = postSolution
		{EC78356E-2F3B-45C0-A616-733A15CE502D}.Debug|Win32.ActiveCfg = debug|Win32
		{EC78356E-2F3B-45C0-A616-733A15CE502D}.Debug|Win32.Build.0 = debug|Win32
		{EC78356E-2F3B-45C0-A616-733A15CE502D}.Debug|x64.ActiveCfg = debug|Win32
		{EC78356E-2F3B-45C0-A616-733A15CE502D}.perfdev|Win32.ActiveCfg = release|Win32
		{EC78356E-2F3B-45C0-A616-733A15CE502D}.perfdev|Win32.Build.0 = release|Win32
		{EC78356E-2F3B-45C0-A616-733A15CE502D}.perfdev|x64.ActiveCfg = release|Win32
		{EC78356E-2F3B-45C0-A616-733A15CE502D}.perfdev|x64.Build.0 = release|Win32
		{EC78356E-2F3B-45C0-A616-733A15CE502D}.Profile|Win32.ActiveCfg = release|Win32
		{EC78356E-2F3B-45C0-A616-733A15CE502D}.Profile|Win32.Build.0 = release|Win32
		{EC78356E-2F3B-45C0-A616-733A15CE502D}.Profile|x64.ActiveCfg = release|Win32
		{EC78356E-2F3B-45C0-A616-733A15CE502D}.Profile|x64.Build.0 = release|Win32
		{EC78356E-2F3B-45C0-A616-733A15CE502D}.Release|Win32.ActiveCfg = release|Win32
		{EC78356E-2F3B-45C0-A616-733A15CE502D}.Release|Win32.Build.0 = release|Win32
		{EC78356E-2F3B-45C0-A616-733A15CE502D}.Release|x64.ActiveCfg = release|Win32
		{A64D27A9-CD59-476B-B5CB-0260A408793B}.Debug|Win32.ActiveCfg = debug|Win32
		{A64D27A9-CD59-476B-B5CB-0260A408793B}.Debug|Win32.Build.0 = debug|Win32
		{A64D27A9-CD59-476B-B5CB-0260A408793B}.Debug|x64.ActiveCfg = debug|Win32
		{A64D27A9-CD59-476B-B5CB-0260A408793B}.perfdev|Win32.ActiveCfg = perfdev|Win32
		{A64D27A9-CD59-476B-B5CB-0260A408793B}.perfdev|Win32.Build.0 = perfdev|Win32
		{A64D27A9-CD59-476B-B5CB-0260A408793B}.perfdev|x64.ActiveCfg = perfdev|Win32
		{A64D27A9-CD59-476B-B5CB-0260A408793B}.Profile|Win32.ActiveCfg = perfdev|Win32
		{A64D27A9-CD59-476B-B5CB-0260A408793B}.Profile|Win32.Build.0 = perfdev|Win32
		{A64D27A9-CD59-476B-B5CB-0260A408793B}.Profile|x64.ActiveCfg = release|Win32
		{A64D27A9-CD59-476B-B5CB-0260A408793B}.Profile|x64.Build.0 = release|Win32
		{A64D27A9-CD59-476B-B5CB-0260A408793B}.Release|Win32.ActiveCfg = release|Win32
		{A64D27A9-CD59-476B-B5CB-0260A408793B}.Release|Win32.Build.0 = release|Win32
		{A64D27A9-CD59-476B-B5CB-0260A408793B}.Release|x64.ActiveCfg = release|Win32
		{10AECFFA-BF67-4FF4-B543-0C8F1E3B2EB7}.Debug|Win32.ActiveCfg = debug|Win32
		{10AECFFA-BF67-4FF4-B543-0C8F1E3B2EB7}.Debug|Win32.Build.0 = debug|Win32
		{10AECFFA-BF67-4FF4-B543-0C8F1E3B2EB7}.Debug|x64.ActiveCfg = debug|Win32
		{10AECFFA-BF67-4FF4-B543-0C8F1E3B2EB7}.perfdev|Win32.ActiveCfg = perfdev|Win32
		{10AECFFA-BF67-4FF4-B543-0C8F1E3B2EB7}.perfdev|Win32.Build.0 = perfdev|Win32
		{10AECFFA-BF67-4FF4-B543-0C8F1E3B2EB7}.perfdev|x64.ActiveCfg = perfdev|Win32
		{10AECFFA-BF67-4FF4-B543-0C8F1E3B2EB7}.Profile|Win32.ActiveCfg = perfdev|Win32
		{10AECFFA-BF67-4FF4-B543-0C8F1E3B2EB7}.Profile|Win32.Build.0 = perfdev|Win32
		{10AECFFA-BF67-4FF4-B543-0C8F1E3B2EB7}.Profile|x64.ActiveCfg = release|Win32
		{10AECFFA-BF67-4FF4-B543-0C8F1E3B2EB7}.Profile|x64.Build.0 = release|Win32
		{10AECFFA-BF67-4FF4-B543-0C8F1E3B2EB7}.Release|Win32.ActiveCfg = release|Win32
		{10AECFFA-BF67-4FF4-B543-0C8F1E3B2EB7}.Release|Win32.Build.0 = release|Win32
		{10AECFFA-BF67-4FF4-B543-0C8F1E3B2EB7}.Release|x64.ActiveCfg = release|Win32
		{99219418-FA94-4BE1-A3CF-E2751E76190D}.Debug|Win32.ActiveCfg = Debug|Win32
		{99219418-FA94-4BE1-A3CF-E2751E76190D}.Debug|Win32.Build.0 = Debug|Win32
		{99219418-FA94-4BE1-A3CF-E2751E76190D}.Debug|x64.ActiveCfg = Debug|x64
		{99219418-FA94-4BE1-A3CF-E2751E76190D}.Debug|x64.Build.0 = Debug|x64
		{99219418-FA94-4BE1-A3CF-E2751E76190D}.perfdev|Win32.ActiveCfg = Profile|Win32
		{99219418-FA94-4BE1-A3CF-E2751E76190D}.perfdev|Win32.Build.0 = Profile|Win32
		{99219418-FA94-4BE1-A3CF-E2751E76190D}.perfdev|x64.ActiveCfg = Profile|x64
		{99219418-FA94-4BE1-A3CF-E2751E76190D}.perfdev|x64.Build.0 = Profile|x64
		{99219418-FA94-4BE1-A3CF-E2751E76190D}.Profile|Win32.ActiveCfg = Profile|Win32
		{99219418-FA94-4BE1-A3CF-E2751E76190D}.Profile|Win32.Build.0 = Profile|Win32
		{99219418-FA94-4BE1-A3CF-E2751E76190D}.Profile|x64.ActiveCfg = Profile|x64
		{99219418-FA94-4BE1-A3CF-E2751E76190D}.Profile|x64.Build.0 = Profile|x64
		{99219418-FA94-4BE1-A3CF-E2751E76190D}.Release|Win32.ActiveCfg = Release|Win32
		{99219418-FA94-4BE1-A3CF-E2751E76190D}.Release|Win32.Build.0 = Release|Win32
		{99219418-FA94-4BE1-A3CF-E2751E76190D}.Release|x64.ActiveCfg = Release|x64
		{99219418-FA94-4BE1-A3CF-E2751E76190D}.Release|x64.Build.0 = Release|x64
	EndGlobalSection
	GlobalSection(SolutionProperties) = preSolution
		HideSolutionNode = FALSE
	EndGlobalSection
	GlobalSection(NestedProjects) = preSolution
		{EC78356E-2F3B-45C0-A616-733A15CE502D} = {1A72913C-1385-4566-8885-34363234C49C}
		{A64D27A9-CD59-476B-B5CB-0260A408793B} = {6C0236CD-7250-45BB-A07E-79AE81EAD236}
		{10AECFFA-BF67-4FF4-B543-0C8F1E3B2EB7} = {6C0236CD-7250-45BB-A07E-79AE81EAD236}
		{99219418-FA94-4BE1-A3CF-E2751E76190D} = {1A72913C-1385-4566-8885-34363234C49C}
	EndGlobalSection
EndGlobal
