<?xml version="1.0" encoding="utf-8"?>
<Project ToolsVersion="4.0" xmlns="http://schemas.microsoft.com/developer/msbuild/2003">
  <ItemGroup>
    <ClCompile Include="SSAO11.cpp" />
    <ClCompile Include="GPUTimers.cpp" />
    <ClCompile Include="DeviceManager.cpp" />
  </ItemGroup>
  <ItemGroup>
    <ClInclude Include="GPUTimers.h" />
    <ClInclude Include="DeviceManager.h" />
    <ClInclude Include="..\external\AntTweakBar\1.16\include\AntTweakBar.h" />
    <ClInclude Include="BinMeshReader.h" />
    <ClInclude Include="SceneRTs.h" />
    <ClInclude Include="..\..\..\lib\GFSDK_SSAO.h" />
  </ItemGroup>
  <ItemGroup>
    <ResourceCompile Include="SSAO11.rc" />
  </ItemGroup>
  <ItemGroup>
    <Manifest Include="SSAO11.manifest" />
  </ItemGroup>
  <ItemGroup>
    <Image Include="..\..\Media\directx.ico" />
  </ItemGroup>
</Project>